# This file was autogenerated by Stack.
# You should not edit this file by hand.
# For more information, please see the documentation at:
#   https://docs.haskellstack.org/en/stable/lock_files

packages: []
snapshots:
- completed:
    size: 521182
    url: https://raw.githubusercontent.com/commercialhaskell/stackage-snapshots/master/nightly/2020/5/4.yaml
    sha256: e8515f84aba0afac630c127609a6ddb236a33584a4afaf982d63ea49af5bca6f
  original: nightly-2020-05-04
